
Microsoft Visual Studio Solution File, Format Version 12.00
# Visual Studio 14
VisualStudioVersion = 14.0.25420.1
MinimumVisualStudioVersion = 10.0.40219.1
Project("{8BC9CEB8-8B4A-11D0-8D11-00A0C91BC942}") = "cgen", "cgen\cgen.vcxproj", "{28718150-7549-4D96-A6E4-B0A4800C98EA}"
	ProjectSection(ProjectDependencies) = postProject
		{0F64AA89-0C49-4ED1-B8E4-AC46BD25A176} = {0F64AA89-0C49-4ED1-B8E4-AC46BD25A176}
	EndProjectSection
EndProject
Project("{8BC9CEB8-8B4A-11D0-8D11-00A0C91BC942}") = "skel", "skel\skel.vcxproj", "{0F64AA89-0C49-4ED1-B8E4-AC46BD25A176}"
EndProject
Project("{8BC9CEB8-8B4A-11D0-8D11-00A0C91BC942}") = "acta", "acta\acta.vcxproj", "{7B58C7FE-12C5-4C6B-ACF9-CF3354649604}"
EndProject
Global
	GlobalSection(SolutionConfigurationPlatforms) = preSolution
		Debug|x64 = Debug|x64
		Debug|x86 = Debug|x86
		Release|x64 = Release|x64
		Release|x86 = Release|x86
	EndGlobalSection
	GlobalSection(ProjectConfigurationPlatforms) = postSolution
		{28718150-7549-4D96-A6E4-B0A4800C98EA}.Debug|x64.ActiveCfg = Debug|x64
		{28718150-7549-4D96-A6E4-B0A4800C98EA}.Debug|x64.Build.0 = Debug|x64
		{28718150-7549-4D96-A6E4-B0A4800C98EA}.Debug|x86.ActiveCfg = Debug|Win32
		{28718150-7549-4D96-A6E4-B0A4800C98EA}.Debug|x86.Build.0 = Debug|Win32
		{28718150-7549-4D96-A6E4-B0A4800C98EA}.Release|x64.ActiveCfg = Release|x64
		{28718150-7549-4D96-A6E4-B0A4800C98EA}.Release|x64.Build.0 = Release|x64
		{28718150-7549-4D96-A6E4-B0A4800C98EA}.Release|x86.ActiveCfg = Release|Win32
		{28718150-7549-4D96-A6E4-B0A4800C98EA}.Release|x86.Build.0 = Release|Win32
		{0F64AA89-0C49-4ED1-B8E4-AC46BD25A176}.Debug|x64.ActiveCfg = Debug|x64
		{0F64AA89-0C49-4ED1-B8E4-AC46BD25A176}.Debug|x64.Build.0 = Debug|x64
		{0F64AA89-0C49-4ED1-B8E4-AC46BD25A176}.Debug|x86.ActiveCfg = Debug|Win32
		{0F64AA89-0C49-4ED1-B8E4-AC46BD25A176}.Debug|x86.Build.0 = Debug|Win32
		{0F64AA89-0C49-4ED1-B8E4-AC46BD25A176}.Release|x64.ActiveCfg = Release|x64
		{0F64AA89-0C49-4ED1-B8E4-AC46BD25A176}.Release|x64.Build.0 = Release|x64
		{0F64AA89-0C49-4ED1-B8E4-AC46BD25A176}.Release|x86.ActiveCfg = Release|Win32
		{0F64AA89-0C49-4ED1-B8E4-AC46BD25A176}.Release|x86.Build.0 = Release|Win32
		{7B58C7FE-12C5-4C6B-ACF9-CF3354649604}.Debug|x64.ActiveCfg = Debug|x64
		{7B58C7FE-12C5-4C6B-ACF9-CF3354649604}.Debug|x64.Build.0 = Debug|x64
		{7B58C7FE-12C5-4C6B-ACF9-CF3354649604}.Debug|x86.ActiveCfg = Debug|Win32
		{7B58C7FE-12C5-4C6B-ACF9-CF3354649604}.Debug|x86.Build.0 = Debug|Win32
		{7B58C7FE-12C5-4C6B-ACF9-CF3354649604}.Release|x64.ActiveCfg = Release|x64
		{7B58C7FE-12C5-4C6B-ACF9-CF3354649604}.Release|x64.Build.0 = Release|x64
		{7B58C7FE-12C5-4C6B-ACF9-CF3354649604}.Release|x86.ActiveCfg = Release|Win32
		{7B58C7FE-12C5-4C6B-ACF9-CF3354649604}.Release|x86.Build.0 = Release|Win32
	EndGlobalSection
	GlobalSection(SolutionProperties) = preSolution
		HideSolutionNode = FALSE
	EndGlobalSection
EndGlobal
