
Microsoft Visual Studio Solution File, Format Version 12.00
# Visual Studio 15
VisualStudioVersion = 15.0.36617.4
MinimumVisualStudioVersion = 10.0.40219.1
Project("{8BC9CEB8-8B4A-11D0-8D11-00A0C91BC942}") = "tasks", "tasks.vcxproj", "{951CA5B7-B14F-4E4F-9C3D-E025287CE16C}"
EndProject
Global
	GlobalSection(SolutionConfigurationPlatforms) = preSolution
		Debug|x64 = Debug|x64
		Debug|x86 = Debug|x86
		Release|x64 = Release|x64
		Release|x86 = Release|x86
	EndGlobalSection
	GlobalSection(ProjectConfigurationPlatforms) = postSolution
		{951CA5B7-B14F-4E4F-9C3D-E025287CE16C}.Debug|x64.ActiveCfg = Debug|x64
		{951CA5B7-B14F-4E4F-9C3D-E025287CE16C}.Debug|x64.Build.0 = Debug|x64
		{951CA5B7-B14F-4E4F-9C3D-E025287CE16C}.Debug|x86.ActiveCfg = Debug|Win32
		{951CA5B7-B14F-4E4F-9C3D-E025287CE16C}.Debug|x86.Build.0 = Debug|Win32
		{951CA5B7-B14F-4E4F-9C3D-E025287CE16C}.Release|x64.ActiveCfg = Release|x64
		{951CA5B7-B14F-4E4F-9C3D-E025287CE16C}.Release|x64.Build.0 = Release|x64
		{951CA5B7-B14F-4E4F-9C3D-E025287CE16C}.Release|x86.ActiveCfg = Release|Win32
		{951CA5B7-B14F-4E4F-9C3D-E025287CE16C}.Release|x86.Build.0 = Release|Win32
	EndGlobalSection
	GlobalSection(SolutionProperties) = preSolution
		HideSolutionNode = FALSE
	EndGlobalSection
	GlobalSection(ExtensibilityGlobals) = postSolution
		SolutionGuid = {E818EFD7-AFDB-4594-9FA8-26B4CFFFD611}
	EndGlobalSection
EndGlobal
